{
    "_readme": [
        "This file locks the dependencies of your project to a known state",
        "Read more about it at https://getcomposer.org/doc/01-basic-usage.md#composer-lock-the-lock-file",
        "This file is @generated automatically"
    ],
    "content-hash": "d5e48ce5f2dd897ddf0dd4a67a0a30eb",
    "packages": [
        {
            "name": "codeinwp/themeisle-sdk",
            "version": "dev-master",
            "source": {
                "type": "git",
                "url": "https://github.com/Codeinwp/themeisle-sdk.git",
                "reference": "ae69f3966081f0a7c7c468c00275c411cc0be063"
            },
            "dist": {
                "type": "zip",
                "url": "https://api.github.com/repos/Codeinwp/themeisle-sdk/zipball/ae69f3966081f0a7c7c468c00275c411cc0be063",
                "reference": "ae69f3966081f0a7c7c468c00275c411cc0be063",
                "shasum": ""
            },
            "type": "library",
            "autoload": {
                "files": [
                    "load.php"
                ]
            },
            "notification-url": "https://packagist.org/downloads/",
            "license": [
                "GPL-2.0+"
            ],
            "authors": [
                {
                    "name": "ThemeIsle team",
                    "email": "friends@themeisle.com",
                    "homepage": "https://themeisle.com"
                }
            ],
            "description": "ThemeIsle SDK ",
            "homepage": "https://github.com/Codeinwp/themeisle-sdk",
            "keywords": [
                "wordpress"
            ],
            "time": "2018-01-04T13:30:43+00:00"
        },
        {
            "name": "composer/installers",
            "version": "v1.5.0",
            "source": {
                "type": "git",
                "url": "https://github.com/composer/installers.git",
                "reference": "049797d727261bf27f2690430d935067710049c2"
            },
            "dist": {
                "type": "zip",
                "url": "https://api.github.com/repos/composer/installers/zipball/049797d727261bf27f2690430d935067710049c2",
                "reference": "049797d727261bf27f2690430d935067710049c2",
                "shasum": ""
            },
            "require": {
                "composer-plugin-api": "^1.0"
            },
            "replace": {
                "roundcube/plugin-installer": "*",
                "shama/baton": "*"
            },
            "require-dev": {
                "composer/composer": "1.0.*@dev",
                "phpunit/phpunit": "^4.8.36"
            },
            "type": "composer-plugin",
            "extra": {
                "class": "Composer\\Installers\\Plugin",
                "branch-alias": {
                    "dev-master": "1.0-dev"
                }
            },
            "autoload": {
                "psr-4": {
                    "Composer\\Installers\\": "src/Composer/Installers"
                }
            },
            "notification-url": "https://packagist.org/downloads/",
            "license": [
                "MIT"
            ],
            "authors": [
                {
                    "name": "Kyle Robinson Young",
                    "email": "kyle@dontkry.com",
                    "homepage": "https://github.com/shama"
                }
            ],
            "description": "A multi-framework Composer library installer",
            "homepage": "https://composer.github.io/installers/",
            "keywords": [
                "Craft",
                "Dolibarr",
                "Eliasis",
                "Hurad",
                "ImageCMS",
                "Kanboard",
                "Lan Management System",
                "MODX Evo",
                "Mautic",
                "Maya",
                "OXID",
                "Plentymarkets",
                "Porto",
                "RadPHP",
                "SMF",
                "Thelia",
                "WolfCMS",
                "agl",
                "aimeos",
                "annotatecms",
                "attogram",
                "bitrix",
                "cakephp",
                "chef",
                "cockpit",
                "codeigniter",
                "concrete5",
                "croogo",
                "dokuwiki",
                "drupal",
                "eZ Platform",
                "elgg",
                "expressionengine",
                "fuelphp",
                "grav",
                "installer",
                "itop",
                "joomla",
                "kohana",
                "laravel",
                "lavalite",
                "lithium",
                "magento",
                "majima",
                "mako",
                "mediawiki",
                "modulework",
                "modx",
                "moodle",
                "osclass",
                "phpbb",
                "piwik",
                "ppi",
                "puppet",
                "pxcms",
                "reindex",
                "roundcube",
                "shopware",
                "silverstripe",
                "sydes",
                "symfony",
                "typo3",
                "wordpress",
                "yawik",
                "zend",
                "zikula"
            ],
            "time": "2017-12-29T09:13:20+00:00"
        },
        {
            "name": "kucrut/icon-picker",
            "version": "v0.5.0",
            "source": {
                "type": "git",
                "url": "https://github.com/kucrut/wp-icon-picker.git",
                "reference": "8bbe9dfaff674e68acc13dc5e19dd401ae3a1006"
            },
            "dist": {
                "type": "zip",
                "url": "https://api.github.com/repos/kucrut/wp-icon-picker/zipball/8bbe9dfaff674e68acc13dc5e19dd401ae3a1006",
                "reference": "8bbe9dfaff674e68acc13dc5e19dd401ae3a1006",
                "shasum": ""
            },
            "require": {
                "composer/installers": "~1.0"
            },
            "require-dev": {
                "wp-coding-standards/wpcs": "^0.10.0"
            },
            "type": "wordpress-plugin",
            "notification-url": "https://packagist.org/downloads/",
            "license": [
                "GPL-2.0"
            ],
            "authors": [
                {
                    "name": "Dzikri Aziz",
                    "email": "kvcrvt@gmail.com",
                    "homepage": "http://kucrut.org/"
                }
            ],
            "description": "Pick an icon of your choice.",
            "homepage": "https://github.com/kucrut/wp-icon-picker",
            "keywords": [
                "dashicons",
                "elusive",
                "font-awesome",
                "foundation-icons",
                "genericons",
                "icons",
                "plugin",
                "wordpress"
            ],
            "time": "2017-02-04T14:35:29+00:00"
        },
        {
            "name": "kucrut/menu-item-custom-fields",
            "version": "1.0.0",
            "source": {
                "type": "git",
                "url": "https://github.com/kucrut/wp-menu-item-custom-fields.git",
                "reference": "a201bb631f864819c5ebd73ab1252d673815fac0"
            },
            "dist": {
                "type": "zip",
                "url": "https://api.github.com/repos/kucrut/wp-menu-item-custom-fields/zipball/a201bb631f864819c5ebd73ab1252d673815fac0",
                "reference": "a201bb631f864819c5ebd73ab1252d673815fac0",
                "shasum": ""
            },
            "require": {
                "composer/installers": "~1.0"
            },
            "require-dev": {
                "wp-coding-standards/wpcs": "^0.10.0"
            },
            "type": "wordpress-plugin",
            "notification-url": "https://packagist.org/downloads/",
            "license": [
                "GPL-2.0"
            ],
            "authors": [
                {
                    "name": "Dzikri Aziz",
                    "email": "kvcrvt@gmail.com",
                    "homepage": "https://kucrut.org/"
                }
            ],
            "description": "Easily add custom fields to nav menu items.",
            "homepage": "https://github.com/kucrut/wp-menu-item-custom-fields",
            "keywords": [
                "custom-fields",
                "menu",
                "plugin",
                "wordpress"
            ],
            "time": "2017-02-05T07:11:32+00:00"
        }
    ],
    "packages-dev": [],
    "aliases": [],
    "minimum-stability": "dev",
    "stability-flags": [],
    "prefer-stable": true,
    "prefer-lowest": false,
    "platform": [],
    "platform-dev": []
}
